
Microsoft Visual Studio Solution File, Format Version 12.00
Project("{FAE04EC0-301F-11D3-BF4B-00C04F79EFBC}") = "TheatreSelling", "TheatreSelling\TheatreSelling.csproj", "{FC7A78CF-3D82-47E3-9007-40C36E49B482}"
EndProject
Global
	GlobalSection(SolutionConfigurationPlatforms) = preSolution
		Debug|Any CPU = Debug|Any CPU
		Release|Any CPU = Release|Any CPU
	EndGlobalSection
	GlobalSection(ProjectConfigurationPlatforms) = postSolution
		{FC7A78CF-3D82-47E3-9007-40C36E49B482}.Debug|Any CPU.ActiveCfg = Debug|Any CPU
		{FC7A78CF-3D82-47E3-9007-40C36E49B482}.Debug|Any CPU.Build.0 = Debug|Any CPU
		{FC7A78CF-3D82-47E3-9007-40C36E49B482}.Release|Any CPU.ActiveCfg = Release|Any CPU
		{FC7A78CF-3D82-47E3-9007-40C36E49B482}.Release|Any CPU.Build.0 = Release|Any CPU
	EndGlobalSection
EndGlobal
